
Microsoft Visual Studio Solution File, Format Version 12.00
# Visual Studio Version 17
VisualStudioVersion = 17.7.34024.191
MinimumVisualStudioVersion = 10.0.40219.1
Project("{FAE04EC0-301F-11D3-BF4B-00C04F79EFBC}") = "Image Processing", "Image Processing.csproj", "{DAA76A88-FC2C-40D3-8E43-17F3F4F050DB}"
EndProject
Global
	GlobalSection(SolutionConfigurationPlatforms) = preSolution
		Debug|Any CPU = Debug|Any CPU
		Release|Any CPU = Release|Any CPU
	EndGlobalSection
	GlobalSection(ProjectConfigurationPlatforms) = postSolution
		{DAA76A88-FC2C-40D3-8E43-17F3F4F050DB}.Debug|Any CPU.ActiveCfg = Debug|Any CPU
		{DAA76A88-FC2C-40D3-8E43-17F3F4F050DB}.Debug|Any CPU.Build.0 = Debug|Any CPU
		{DAA76A88-FC2C-40D3-8E43-17F3F4F050DB}.Release|Any CPU.ActiveCfg = Release|Any CPU
		{DAA76A88-FC2C-40D3-8E43-17F3F4F050DB}.Release|Any CPU.Build.0 = Release|Any CPU
	EndGlobalSection
	GlobalSection(SolutionProperties) = preSolution
		HideSolutionNode = FALSE
	EndGlobalSection
	GlobalSection(ExtensibilityGlobals) = postSolution
		SolutionGuid = {180AED73-B885-491A-B269-D33F5EE10970}
	EndGlobalSection
EndGlobal
